
Microsoft Visual Studio Solution File, Format Version 12.00
# Visual Studio 2012
Project("{930C7802-8A8C-48F9-8165-68863BCCD9DD}") = "EvoPrinter_x86", "EvoPrinter\EvoPrinter_x86.wixproj", "{4282A4F1-AC48-47E8-99A4-4E39E50D3885}"
EndProject
Project("{FAE04EC0-301F-11D3-BF4B-00C04F79EFBC}") = "EvoPrinterUI", "EvoPrinterUI\EvoPrinterUI.csproj", "{0F5332A7-460F-4F11-B498-ACB2FC14255C}"
EndProject
Project("{FAE04EC0-301F-11D3-BF4B-00C04F79EFBC}") = "printerDriver", "printerDriver\printerDriver.csproj", "{39AB227B-FAA6-48F4-80BF-8EAAE23E09BD}"
EndProject
Project("{930C7802-8A8C-48F9-8165-68863BCCD9DD}") = "EvoPrinter_x64", "EvoPrinter\EvoPrinter_x64.wixproj", "{7DA8610B-76CB-46E6-9FE5-40847DA677A8}"
EndProject
Project("{FAE04EC0-301F-11D3-BF4B-00C04F79EFBC}") = "printerDriver.Test", "printerDriver.Test\printerDriver.Test.csproj", "{806EE97F-393B-4F2C-81FA-BCAC21474E73}"
EndProject
Project("{FAE04EC0-301F-11D3-BF4B-00C04F79EFBC}") = "launchUserapp", "launchUserapp\launchUserapp.csproj", "{FC47FB3C-5C66-41A2-9D87-D3595D82819D}"
EndProject
Project("{FAE04EC0-301F-11D3-BF4B-00C04F79EFBC}") = "testHardeness64", "testHardeness64\testHardeness64.csproj", "{A8DF1AC1-FB0B-438F-A020-64CD168EFCA1}"
EndProject
Global
	GlobalSection(SolutionConfigurationPlatforms) = preSolution
		Debug|Any CPU = Debug|Any CPU
		Debug|DEBUGonlyPrinterUI = Debug|DEBUGonlyPrinterUI
		Debug|debugx64printdriver = Debug|debugx64printdriver
		Debug|Mixed Platforms = Debug|Mixed Platforms
		Debug|x64 = Debug|x64
		Debug|x86 = Debug|x86
		Release|Any CPU = Release|Any CPU
		Release|DEBUGonlyPrinterUI = Release|DEBUGonlyPrinterUI
		Release|debugx64printdriver = Release|debugx64printdriver
		Release|Mixed Platforms = Release|Mixed Platforms
		Release|x64 = Release|x64
		Release|x86 = Release|x86
	EndGlobalSection
	GlobalSection(ProjectConfigurationPlatforms) = postSolution
		{4282A4F1-AC48-47E8-99A4-4E39E50D3885}.Debug|Any CPU.ActiveCfg = Debug|x86
		{4282A4F1-AC48-47E8-99A4-4E39E50D3885}.Debug|Any CPU.Build.0 = Debug|x86
		{4282A4F1-AC48-47E8-99A4-4E39E50D3885}.Debug|DEBUGonlyPrinterUI.ActiveCfg = Debug|x86
		{4282A4F1-AC48-47E8-99A4-4E39E50D3885}.Debug|debugx64printdriver.ActiveCfg = Debug|x86
		{4282A4F1-AC48-47E8-99A4-4E39E50D3885}.Debug|Mixed Platforms.ActiveCfg = Debug|x86
		{4282A4F1-AC48-47E8-99A4-4E39E50D3885}.Debug|Mixed Platforms.Build.0 = Debug|x86
		{4282A4F1-AC48-47E8-99A4-4E39E50D3885}.Debug|x64.ActiveCfg = Debug|x86
		{4282A4F1-AC48-47E8-99A4-4E39E50D3885}.Debug|x86.ActiveCfg = Debug|x86
		{4282A4F1-AC48-47E8-99A4-4E39E50D3885}.Debug|x86.Build.0 = Debug|x86
		{4282A4F1-AC48-47E8-99A4-4E39E50D3885}.Release|Any CPU.ActiveCfg = Release|x86
		{4282A4F1-AC48-47E8-99A4-4E39E50D3885}.Release|Any CPU.Build.0 = Release|x86
		{4282A4F1-AC48-47E8-99A4-4E39E50D3885}.Release|DEBUGonlyPrinterUI.ActiveCfg = Release|x86
		{4282A4F1-AC48-47E8-99A4-4E39E50D3885}.Release|debugx64printdriver.ActiveCfg = Release|x86
		{4282A4F1-AC48-47E8-99A4-4E39E50D3885}.Release|Mixed Platforms.ActiveCfg = Release|x86
		{4282A4F1-AC48-47E8-99A4-4E39E50D3885}.Release|Mixed Platforms.Build.0 = Release|x86
		{4282A4F1-AC48-47E8-99A4-4E39E50D3885}.Release|x64.ActiveCfg = Release|x86
		{4282A4F1-AC48-47E8-99A4-4E39E50D3885}.Release|x86.ActiveCfg = Release|x86
		{4282A4F1-AC48-47E8-99A4-4E39E50D3885}.Release|x86.Build.0 = Release|x86
		{0F5332A7-460F-4F11-B498-ACB2FC14255C}.Debug|Any CPU.ActiveCfg = Debug|Any CPU
		{0F5332A7-460F-4F11-B498-ACB2FC14255C}.Debug|Any CPU.Build.0 = Debug|Any CPU
		{0F5332A7-460F-4F11-B498-ACB2FC14255C}.Debug|DEBUGonlyPrinterUI.ActiveCfg = Debug|Any CPU
		{0F5332A7-460F-4F11-B498-ACB2FC14255C}.Debug|DEBUGonlyPrinterUI.Build.0 = Debug|Any CPU
		{0F5332A7-460F-4F11-B498-ACB2FC14255C}.Debug|debugx64printdriver.ActiveCfg = Debug|Any CPU
		{0F5332A7-460F-4F11-B498-ACB2FC14255C}.Debug|Mixed Platforms.ActiveCfg = Debug|Any CPU
		{0F5332A7-460F-4F11-B498-ACB2FC14255C}.Debug|Mixed Platforms.Build.0 = Debug|Any CPU
		{0F5332A7-460F-4F11-B498-ACB2FC14255C}.Debug|x64.ActiveCfg = Debug|Any CPU
		{0F5332A7-460F-4F11-B498-ACB2FC14255C}.Debug|x86.ActiveCfg = Debug|Any CPU
		{0F5332A7-460F-4F11-B498-ACB2FC14255C}.Debug|x86.Build.0 = Debug|Any CPU
		{0F5332A7-460F-4F11-B498-ACB2FC14255C}.Release|Any CPU.ActiveCfg = Release|Any CPU
		{0F5332A7-460F-4F11-B498-ACB2FC14255C}.Release|Any CPU.Build.0 = Release|Any CPU
		{0F5332A7-460F-4F11-B498-ACB2FC14255C}.Release|DEBUGonlyPrinterUI.ActiveCfg = Release|Any CPU
		{0F5332A7-460F-4F11-B498-ACB2FC14255C}.Release|DEBUGonlyPrinterUI.Build.0 = Release|Any CPU
		{0F5332A7-460F-4F11-B498-ACB2FC14255C}.Release|debugx64printdriver.ActiveCfg = Release|Any CPU
		{0F5332A7-460F-4F11-B498-ACB2FC14255C}.Release|debugx64printdriver.Build.0 = Release|Any CPU
		{0F5332A7-460F-4F11-B498-ACB2FC14255C}.Release|Mixed Platforms.ActiveCfg = Release|Any CPU
		{0F5332A7-460F-4F11-B498-ACB2FC14255C}.Release|Mixed Platforms.Build.0 = Release|Any CPU
		{0F5332A7-460F-4F11-B498-ACB2FC14255C}.Release|x64.ActiveCfg = Release|x64
		{0F5332A7-460F-4F11-B498-ACB2FC14255C}.Release|x64.Build.0 = Release|x64
		{0F5332A7-460F-4F11-B498-ACB2FC14255C}.Release|x86.ActiveCfg = Release|Any CPU
		{39AB227B-FAA6-48F4-80BF-8EAAE23E09BD}.Debug|Any CPU.ActiveCfg = Debug|Any CPU
		{39AB227B-FAA6-48F4-80BF-8EAAE23E09BD}.Debug|Any CPU.Build.0 = Debug|Any CPU
		{39AB227B-FAA6-48F4-80BF-8EAAE23E09BD}.Debug|DEBUGonlyPrinterUI.ActiveCfg = Debug|Any CPU
		{39AB227B-FAA6-48F4-80BF-8EAAE23E09BD}.Debug|DEBUGonlyPrinterUI.Build.0 = Debug|Any CPU
		{39AB227B-FAA6-48F4-80BF-8EAAE23E09BD}.Debug|debugx64printdriver.ActiveCfg = Debug|x64
		{39AB227B-FAA6-48F4-80BF-8EAAE23E09BD}.Debug|debugx64printdriver.Build.0 = Debug|x64
		{39AB227B-FAA6-48F4-80BF-8EAAE23E09BD}.Debug|Mixed Platforms.ActiveCfg = Debug|x86
		{39AB227B-FAA6-48F4-80BF-8EAAE23E09BD}.Debug|Mixed Platforms.Build.0 = Debug|x86
		{39AB227B-FAA6-48F4-80BF-8EAAE23E09BD}.Debug|x64.ActiveCfg = Debug|Any CPU
		{39AB227B-FAA6-48F4-80BF-8EAAE23E09BD}.Debug|x64.Build.0 = Debug|Any CPU
		{39AB227B-FAA6-48F4-80BF-8EAAE23E09BD}.Debug|x86.ActiveCfg = Debug|x86
		{39AB227B-FAA6-48F4-80BF-8EAAE23E09BD}.Debug|x86.Build.0 = Debug|x86
		{39AB227B-FAA6-48F4-80BF-8EAAE23E09BD}.Release|Any CPU.ActiveCfg = Release|Any CPU
		{39AB227B-FAA6-48F4-80BF-8EAAE23E09BD}.Release|Any CPU.Build.0 = Release|Any CPU
		{39AB227B-FAA6-48F4-80BF-8EAAE23E09BD}.Release|DEBUGonlyPrinterUI.ActiveCfg = Release|x86
		{39AB227B-FAA6-48F4-80BF-8EAAE23E09BD}.Release|debugx64printdriver.ActiveCfg = Release|x86
		{39AB227B-FAA6-48F4-80BF-8EAAE23E09BD}.Release|Mixed Platforms.ActiveCfg = Release|x86
		{39AB227B-FAA6-48F4-80BF-8EAAE23E09BD}.Release|Mixed Platforms.Build.0 = Release|x86
		{39AB227B-FAA6-48F4-80BF-8EAAE23E09BD}.Release|x64.ActiveCfg = Release|x64
		{39AB227B-FAA6-48F4-80BF-8EAAE23E09BD}.Release|x64.Build.0 = Release|x64
		{39AB227B-FAA6-48F4-80BF-8EAAE23E09BD}.Release|x86.ActiveCfg = Release|x86
		{39AB227B-FAA6-48F4-80BF-8EAAE23E09BD}.Release|x86.Build.0 = Release|x86
		{7DA8610B-76CB-46E6-9FE5-40847DA677A8}.Debug|Any CPU.ActiveCfg = Debug|x64
		{7DA8610B-76CB-46E6-9FE5-40847DA677A8}.Debug|Any CPU.Build.0 = Debug|x64
		{7DA8610B-76CB-46E6-9FE5-40847DA677A8}.Debug|DEBUGonlyPrinterUI.ActiveCfg = Debug|x64
		{7DA8610B-76CB-46E6-9FE5-40847DA677A8}.Debug|debugx64printdriver.ActiveCfg = Debug|x64
		{7DA8610B-76CB-46E6-9FE5-40847DA677A8}.Debug|Mixed Platforms.ActiveCfg = Debug|x86
		{7DA8610B-76CB-46E6-9FE5-40847DA677A8}.Debug|Mixed Platforms.Build.0 = Debug|x86
		{7DA8610B-76CB-46E6-9FE5-40847DA677A8}.Debug|x64.ActiveCfg = Debug|x86
		{7DA8610B-76CB-46E6-9FE5-40847DA677A8}.Debug|x86.ActiveCfg = Debug|x86
		{7DA8610B-76CB-46E6-9FE5-40847DA677A8}.Debug|x86.Build.0 = Debug|x86
		{7DA8610B-76CB-46E6-9FE5-40847DA677A8}.Release|Any CPU.ActiveCfg = Release|x64
		{7DA8610B-76CB-46E6-9FE5-40847DA677A8}.Release|Any CPU.Build.0 = Release|x64
		{7DA8610B-76CB-46E6-9FE5-40847DA677A8}.Release|DEBUGonlyPrinterUI.ActiveCfg = Release|x86
		{7DA8610B-76CB-46E6-9FE5-40847DA677A8}.Release|debugx64printdriver.ActiveCfg = Release|x86
		{7DA8610B-76CB-46E6-9FE5-40847DA677A8}.Release|Mixed Platforms.ActiveCfg = Release|x86
		{7DA8610B-76CB-46E6-9FE5-40847DA677A8}.Release|Mixed Platforms.Build.0 = Release|x86
		{7DA8610B-76CB-46E6-9FE5-40847DA677A8}.Release|x64.ActiveCfg = Release|x86
		{7DA8610B-76CB-46E6-9FE5-40847DA677A8}.Release|x86.ActiveCfg = Release|x86
		{7DA8610B-76CB-46E6-9FE5-40847DA677A8}.Release|x86.Build.0 = Release|x86
		{806EE97F-393B-4F2C-81FA-BCAC21474E73}.Debug|Any CPU.ActiveCfg = Debug|Any CPU
		{806EE97F-393B-4F2C-81FA-BCAC21474E73}.Debug|Any CPU.Build.0 = Debug|Any CPU
		{806EE97F-393B-4F2C-81FA-BCAC21474E73}.Debug|DEBUGonlyPrinterUI.ActiveCfg = Debug|Any CPU
		{806EE97F-393B-4F2C-81FA-BCAC21474E73}.Debug|debugx64printdriver.ActiveCfg = Debug|x64
		{806EE97F-393B-4F2C-81FA-BCAC21474E73}.Debug|debugx64printdriver.Build.0 = Debug|x64
		{806EE97F-393B-4F2C-81FA-BCAC21474E73}.Debug|Mixed Platforms.ActiveCfg = Debug|Any CPU
		{806EE97F-393B-4F2C-81FA-BCAC21474E73}.Debug|Mixed Platforms.Build.0 = Debug|Any CPU
		{806EE97F-393B-4F2C-81FA-BCAC21474E73}.Debug|x64.ActiveCfg = Debug|x64
		{806EE97F-393B-4F2C-81FA-BCAC21474E73}.Debug|x64.Build.0 = Debug|x64
		{806EE97F-393B-4F2C-81FA-BCAC21474E73}.Debug|x86.ActiveCfg = Debug|Any CPU
		{806EE97F-393B-4F2C-81FA-BCAC21474E73}.Release|Any CPU.ActiveCfg = Release|Any CPU
		{806EE97F-393B-4F2C-81FA-BCAC21474E73}.Release|Any CPU.Build.0 = Release|Any CPU
		{806EE97F-393B-4F2C-81FA-BCAC21474E73}.Release|DEBUGonlyPrinterUI.ActiveCfg = Release|Any CPU
		{806EE97F-393B-4F2C-81FA-BCAC21474E73}.Release|DEBUGonlyPrinterUI.Build.0 = Release|Any CPU
		{806EE97F-393B-4F2C-81FA-BCAC21474E73}.Release|debugx64printdriver.ActiveCfg = Release|Any CPU
		{806EE97F-393B-4F2C-81FA-BCAC21474E73}.Release|debugx64printdriver.Build.0 = Release|Any CPU
		{806EE97F-393B-4F2C-81FA-BCAC21474E73}.Release|Mixed Platforms.ActiveCfg = Release|Any CPU
		{806EE97F-393B-4F2C-81FA-BCAC21474E73}.Release|Mixed Platforms.Build.0 = Release|Any CPU
		{806EE97F-393B-4F2C-81FA-BCAC21474E73}.Release|x64.ActiveCfg = Release|Any CPU
		{806EE97F-393B-4F2C-81FA-BCAC21474E73}.Release|x86.ActiveCfg = Release|Any CPU
		{FC47FB3C-5C66-41A2-9D87-D3595D82819D}.Debug|Any CPU.ActiveCfg = Debug|Any CPU
		{FC47FB3C-5C66-41A2-9D87-D3595D82819D}.Debug|Any CPU.Build.0 = Debug|Any CPU
		{FC47FB3C-5C66-41A2-9D87-D3595D82819D}.Debug|DEBUGonlyPrinterUI.ActiveCfg = Debug|Any CPU
		{FC47FB3C-5C66-41A2-9D87-D3595D82819D}.Debug|debugx64printdriver.ActiveCfg = Debug|Any CPU
		{FC47FB3C-5C66-41A2-9D87-D3595D82819D}.Debug|Mixed Platforms.ActiveCfg = Debug|Any CPU
		{FC47FB3C-5C66-41A2-9D87-D3595D82819D}.Debug|Mixed Platforms.Build.0 = Debug|Any CPU
		{FC47FB3C-5C66-41A2-9D87-D3595D82819D}.Debug|x64.ActiveCfg = Debug|Any CPU
		{FC47FB3C-5C66-41A2-9D87-D3595D82819D}.Debug|x86.ActiveCfg = Debug|Any CPU
		{FC47FB3C-5C66-41A2-9D87-D3595D82819D}.Release|Any CPU.ActiveCfg = Release|Any CPU
		{FC47FB3C-5C66-41A2-9D87-D3595D82819D}.Release|Any CPU.Build.0 = Release|Any CPU
		{FC47FB3C-5C66-41A2-9D87-D3595D82819D}.Release|DEBUGonlyPrinterUI.ActiveCfg = Release|Any CPU
		{FC47FB3C-5C66-41A2-9D87-D3595D82819D}.Release|DEBUGonlyPrinterUI.Build.0 = Release|Any CPU
		{FC47FB3C-5C66-41A2-9D87-D3595D82819D}.Release|debugx64printdriver.ActiveCfg = Release|Any CPU
		{FC47FB3C-5C66-41A2-9D87-D3595D82819D}.Release|debugx64printdriver.Build.0 = Release|Any CPU
		{FC47FB3C-5C66-41A2-9D87-D3595D82819D}.Release|Mixed Platforms.ActiveCfg = Release|Any CPU
		{FC47FB3C-5C66-41A2-9D87-D3595D82819D}.Release|Mixed Platforms.Build.0 = Release|Any CPU
		{FC47FB3C-5C66-41A2-9D87-D3595D82819D}.Release|x64.ActiveCfg = Release|Any CPU
		{FC47FB3C-5C66-41A2-9D87-D3595D82819D}.Release|x86.ActiveCfg = Release|Any CPU
		{A8DF1AC1-FB0B-438F-A020-64CD168EFCA1}.Debug|Any CPU.ActiveCfg = Debug|x64
		{A8DF1AC1-FB0B-438F-A020-64CD168EFCA1}.Debug|Any CPU.Build.0 = Debug|x64
		{A8DF1AC1-FB0B-438F-A020-64CD168EFCA1}.Debug|DEBUGonlyPrinterUI.ActiveCfg = Debug|x64
		{A8DF1AC1-FB0B-438F-A020-64CD168EFCA1}.Debug|DEBUGonlyPrinterUI.Build.0 = Debug|x64
		{A8DF1AC1-FB0B-438F-A020-64CD168EFCA1}.Debug|debugx64printdriver.ActiveCfg = Debug|Any CPU
		{A8DF1AC1-FB0B-438F-A020-64CD168EFCA1}.Debug|Mixed Platforms.ActiveCfg = Debug|Any CPU
		{A8DF1AC1-FB0B-438F-A020-64CD168EFCA1}.Debug|Mixed Platforms.Build.0 = Debug|Any CPU
		{A8DF1AC1-FB0B-438F-A020-64CD168EFCA1}.Debug|x64.ActiveCfg = Debug|Any CPU
		{A8DF1AC1-FB0B-438F-A020-64CD168EFCA1}.Debug|x86.ActiveCfg = Debug|Any CPU
		{A8DF1AC1-FB0B-438F-A020-64CD168EFCA1}.Release|Any CPU.ActiveCfg = Release|x64
		{A8DF1AC1-FB0B-438F-A020-64CD168EFCA1}.Release|Any CPU.Build.0 = Release|x64
		{A8DF1AC1-FB0B-438F-A020-64CD168EFCA1}.Release|DEBUGonlyPrinterUI.ActiveCfg = Release|Any CPU
		{A8DF1AC1-FB0B-438F-A020-64CD168EFCA1}.Release|debugx64printdriver.ActiveCfg = Release|Any CPU
		{A8DF1AC1-FB0B-438F-A020-64CD168EFCA1}.Release|Mixed Platforms.ActiveCfg = Release|Any CPU
		{A8DF1AC1-FB0B-438F-A020-64CD168EFCA1}.Release|Mixed Platforms.Build.0 = Release|Any CPU
		{A8DF1AC1-FB0B-438F-A020-64CD168EFCA1}.Release|x64.ActiveCfg = Release|Any CPU
		{A8DF1AC1-FB0B-438F-A020-64CD168EFCA1}.Release|x86.ActiveCfg = Release|Any CPU
	EndGlobalSection
	GlobalSection(SolutionProperties) = preSolution
		HideSolutionNode = FALSE
	EndGlobalSection
EndGlobal
